
Microsoft Visual Studio Solution File, Format Version 10.00
# Visual Studio 2008
Project("{2150E333-8FDC-42A3-9474-1A3956D46DE8}") = "AForge.NET", "AForge.NET", "{202E6FB3-6707-4A1B-9CC4-16E579999756}"
EndProject
Project("{2150E333-8FDC-42A3-9474-1A3956D46DE8}") = "lib", "lib", "{31831A6F-ECC6-4F79-92FB-F1A1A09B5576}"
EndProject
Project("{FAE04EC0-301F-11D3-BF4B-00C04F79EFBC}") = "AForge.Neuro", "lib\AForge.NET\Neuro\AForge.Neuro.csproj", "{53B51230-2CD7-435B-8677-A3E24D134CD8}"
EndProject
Project("{FAE04EC0-301F-11D3-BF4B-00C04F79EFBC}") = "AForge.Core", "lib\AForge.NET\Core\AForge.Core.csproj", "{BFAF50DC-4942-46B8-8615-2A0B4CF08AD2}"
EndProject
Project("{FAE04EC0-301F-11D3-BF4B-00C04F79EFBC}") = "Sinapse.WinForms", "Sinapse\Sinapse.WinForms.csproj", "{38A0657B-12B6-4BE7-B3B4-1D3B82730FC1}"
EndProject
Project("{FAE04EC0-301F-11D3-BF4B-00C04F79EFBC}") = "AForge.Mathematics", "lib\AForge.NET\Math\AForge.Mathematics.csproj", "{435E98DC-6780-4EA7-8D04-5B9337A10787}"
EndProject
Project("{FAE04EC0-301F-11D3-BF4B-00C04F79EFBC}") = "Sinapse.Core", "Sinapse.Core\Sinapse.Core.csproj", "{CE75E853-93A7-4690-9EE3-6AFB684E48C1}"
EndProject
Project("{FAE04EC0-301F-11D3-BF4B-00C04F79EFBC}") = "Sinapse.WinForms.Controls", "Sinapse.Forms.Controls\Sinapse.WinForms.Controls.csproj", "{81CA91DE-585F-4ED7-A086-24F1F2C95A6B}"
EndProject
Project("{FAE04EC0-301F-11D3-BF4B-00C04F79EFBC}") = "Sinapse.Databases", "Sinapse.Databases\Sinapse.Databases.csproj", "{9BAD8288-7170-467E-B82C-EC64EBCD64B3}"
EndProject
Project("{54435603-DBB4-11D2-8724-00A0C9A8B90C}") = "Sinapse.Setup", "Sinapse.Setup\Sinapse.Setup.vdproj", "{7BE6B01C-1153-43C3-800A-5E9B98BE4315}"
EndProject
Project("{FAE04EC0-301F-11D3-BF4B-00C04F79EFBC}") = "AForge.Statistics", "lib\AForge.NET\Statistics\AForge.Statistics.csproj", "{943CEC35-59C3-4B03-A4E6-7E1BA5152090}"
EndProject
Project("{FAE04EC0-301F-11D3-BF4B-00C04F79EFBC}") = "Sinapse.Utils", "Sinapse.Utils\Sinapse.Utils.csproj", "{EF37DCC0-B749-45AD-BCB8-D86D0661C300}"
EndProject
Project("{2150E333-8FDC-42A3-9474-1A3956D46DE8}") = "Business", "Business", "{5D45C833-BFAF-4C26-BACB-C420BC05C259}"
EndProject
Project("{2150E333-8FDC-42A3-9474-1A3956D46DE8}") = "Presentation", "Presentation", "{AF541E56-F772-47AF-A58F-067B2DD6CEC7}"
EndProject
Project("{2150E333-8FDC-42A3-9474-1A3956D46DE8}") = "Sinapse", "Sinapse", "{7EDD9A5D-CCBB-4B97-B7DD-A7409C9580AA}"
EndProject
Global
	GlobalSection(SolutionConfigurationPlatforms) = preSolution
		Debug|Any CPU = Debug|Any CPU
		Debug|x86 = Debug|x86
		Final Release|Any CPU = Final Release|Any CPU
		Final Release|x86 = Final Release|x86
		Release|Any CPU = Release|Any CPU
		Release|x86 = Release|x86
	EndGlobalSection
	GlobalSection(ProjectConfigurationPlatforms) = postSolution
		{53B51230-2CD7-435B-8677-A3E24D134CD8}.Debug|Any CPU.ActiveCfg = Debug|x86
		{53B51230-2CD7-435B-8677-A3E24D134CD8}.Debug|x86.ActiveCfg = Debug|x86
		{53B51230-2CD7-435B-8677-A3E24D134CD8}.Debug|x86.Build.0 = Debug|x86
		{53B51230-2CD7-435B-8677-A3E24D134CD8}.Final Release|Any CPU.ActiveCfg = Final Release|Any CPU
		{53B51230-2CD7-435B-8677-A3E24D134CD8}.Final Release|Any CPU.Build.0 = Final Release|Any CPU
		{53B51230-2CD7-435B-8677-A3E24D134CD8}.Final Release|x86.ActiveCfg = Final Release|Any CPU
		{53B51230-2CD7-435B-8677-A3E24D134CD8}.Release|Any CPU.ActiveCfg = Release|Any CPU
		{53B51230-2CD7-435B-8677-A3E24D134CD8}.Release|Any CPU.Build.0 = Release|Any CPU
		{53B51230-2CD7-435B-8677-A3E24D134CD8}.Release|x86.ActiveCfg = Release|Any CPU
		{BFAF50DC-4942-46B8-8615-2A0B4CF08AD2}.Debug|Any CPU.ActiveCfg = Debug|x86
		{BFAF50DC-4942-46B8-8615-2A0B4CF08AD2}.Debug|x86.ActiveCfg = Debug|x86
		{BFAF50DC-4942-46B8-8615-2A0B4CF08AD2}.Debug|x86.Build.0 = Debug|x86
		{BFAF50DC-4942-46B8-8615-2A0B4CF08AD2}.Final Release|Any CPU.ActiveCfg = Final Release|Any CPU
		{BFAF50DC-4942-46B8-8615-2A0B4CF08AD2}.Final Release|Any CPU.Build.0 = Final Release|Any CPU
		{BFAF50DC-4942-46B8-8615-2A0B4CF08AD2}.Final Release|x86.ActiveCfg = Final Release|Any CPU
		{BFAF50DC-4942-46B8-8615-2A0B4CF08AD2}.Release|Any CPU.ActiveCfg = Release|Any CPU
		{BFAF50DC-4942-46B8-8615-2A0B4CF08AD2}.Release|Any CPU.Build.0 = Release|Any CPU
		{BFAF50DC-4942-46B8-8615-2A0B4CF08AD2}.Release|x86.ActiveCfg = Release|Any CPU
		{38A0657B-12B6-4BE7-B3B4-1D3B82730FC1}.Debug|Any CPU.ActiveCfg = Debug|x86
		{38A0657B-12B6-4BE7-B3B4-1D3B82730FC1}.Debug|Any CPU.Build.0 = Debug|x86
		{38A0657B-12B6-4BE7-B3B4-1D3B82730FC1}.Debug|x86.ActiveCfg = Debug|x86
		{38A0657B-12B6-4BE7-B3B4-1D3B82730FC1}.Debug|x86.Build.0 = Debug|x86
		{38A0657B-12B6-4BE7-B3B4-1D3B82730FC1}.Final Release|Any CPU.ActiveCfg = Final Release|Any CPU
		{38A0657B-12B6-4BE7-B3B4-1D3B82730FC1}.Final Release|Any CPU.Build.0 = Final Release|Any CPU
		{38A0657B-12B6-4BE7-B3B4-1D3B82730FC1}.Final Release|x86.ActiveCfg = Final Release|Any CPU
		{38A0657B-12B6-4BE7-B3B4-1D3B82730FC1}.Release|Any CPU.ActiveCfg = Release|Any CPU
		{38A0657B-12B6-4BE7-B3B4-1D3B82730FC1}.Release|Any CPU.Build.0 = Release|Any CPU
		{38A0657B-12B6-4BE7-B3B4-1D3B82730FC1}.Release|x86.ActiveCfg = Release|Any CPU
		{435E98DC-6780-4EA7-8D04-5B9337A10787}.Debug|Any CPU.ActiveCfg = Debug|x86
		{435E98DC-6780-4EA7-8D04-5B9337A10787}.Debug|x86.ActiveCfg = Debug|x86
		{435E98DC-6780-4EA7-8D04-5B9337A10787}.Debug|x86.Build.0 = Debug|x86
		{435E98DC-6780-4EA7-8D04-5B9337A10787}.Final Release|Any CPU.ActiveCfg = Final Release|Any CPU
		{435E98DC-6780-4EA7-8D04-5B9337A10787}.Final Release|Any CPU.Build.0 = Final Release|Any CPU
		{435E98DC-6780-4EA7-8D04-5B9337A10787}.Final Release|x86.ActiveCfg = Final Release|Any CPU
		{435E98DC-6780-4EA7-8D04-5B9337A10787}.Release|Any CPU.ActiveCfg = Release|Any CPU
		{435E98DC-6780-4EA7-8D04-5B9337A10787}.Release|Any CPU.Build.0 = Release|Any CPU
		{435E98DC-6780-4EA7-8D04-5B9337A10787}.Release|x86.ActiveCfg = Release|Any CPU
		{CE75E853-93A7-4690-9EE3-6AFB684E48C1}.Debug|Any CPU.ActiveCfg = Debug|x86
		{CE75E853-93A7-4690-9EE3-6AFB684E48C1}.Debug|x86.ActiveCfg = Debug|x86
		{CE75E853-93A7-4690-9EE3-6AFB684E48C1}.Debug|x86.Build.0 = Debug|x86
		{CE75E853-93A7-4690-9EE3-6AFB684E48C1}.Final Release|Any CPU.ActiveCfg = Release|Any CPU
		{CE75E853-93A7-4690-9EE3-6AFB684E48C1}.Final Release|Any CPU.Build.0 = Release|Any CPU
		{CE75E853-93A7-4690-9EE3-6AFB684E48C1}.Final Release|x86.ActiveCfg = Release|Any CPU
		{CE75E853-93A7-4690-9EE3-6AFB684E48C1}.Release|Any CPU.ActiveCfg = Release|Any CPU
		{CE75E853-93A7-4690-9EE3-6AFB684E48C1}.Release|Any CPU.Build.0 = Release|Any CPU
		{CE75E853-93A7-4690-9EE3-6AFB684E48C1}.Release|x86.ActiveCfg = Release|Any CPU
		{81CA91DE-585F-4ED7-A086-24F1F2C95A6B}.Debug|Any CPU.ActiveCfg = Debug|x86
		{81CA91DE-585F-4ED7-A086-24F1F2C95A6B}.Debug|x86.ActiveCfg = Debug|x86
		{81CA91DE-585F-4ED7-A086-24F1F2C95A6B}.Debug|x86.Build.0 = Debug|x86
		{81CA91DE-585F-4ED7-A086-24F1F2C95A6B}.Final Release|Any CPU.ActiveCfg = Release|Any CPU
		{81CA91DE-585F-4ED7-A086-24F1F2C95A6B}.Final Release|Any CPU.Build.0 = Release|Any CPU
		{81CA91DE-585F-4ED7-A086-24F1F2C95A6B}.Final Release|x86.ActiveCfg = Release|Any CPU
		{81CA91DE-585F-4ED7-A086-24F1F2C95A6B}.Release|Any CPU.ActiveCfg = Release|Any CPU
		{81CA91DE-585F-4ED7-A086-24F1F2C95A6B}.Release|Any CPU.Build.0 = Release|Any CPU
		{81CA91DE-585F-4ED7-A086-24F1F2C95A6B}.Release|x86.ActiveCfg = Release|Any CPU
		{9BAD8288-7170-467E-B82C-EC64EBCD64B3}.Debug|Any CPU.ActiveCfg = Debug|x86
		{9BAD8288-7170-467E-B82C-EC64EBCD64B3}.Debug|x86.ActiveCfg = Debug|x86
		{9BAD8288-7170-467E-B82C-EC64EBCD64B3}.Debug|x86.Build.0 = Debug|x86
		{9BAD8288-7170-467E-B82C-EC64EBCD64B3}.Final Release|Any CPU.ActiveCfg = Release|Any CPU
		{9BAD8288-7170-467E-B82C-EC64EBCD64B3}.Final Release|Any CPU.Build.0 = Release|Any CPU
		{9BAD8288-7170-467E-B82C-EC64EBCD64B3}.Final Release|x86.ActiveCfg = Release|Any CPU
		{9BAD8288-7170-467E-B82C-EC64EBCD64B3}.Release|Any CPU.ActiveCfg = Release|Any CPU
		{9BAD8288-7170-467E-B82C-EC64EBCD64B3}.Release|Any CPU.Build.0 = Release|Any CPU
		{9BAD8288-7170-467E-B82C-EC64EBCD64B3}.Release|x86.ActiveCfg = Release|Any CPU
		{7BE6B01C-1153-43C3-800A-5E9B98BE4315}.Debug|Any CPU.ActiveCfg = Debug
		{7BE6B01C-1153-43C3-800A-5E9B98BE4315}.Debug|x86.ActiveCfg = Debug
		{7BE6B01C-1153-43C3-800A-5E9B98BE4315}.Final Release|Any CPU.ActiveCfg = Release
		{7BE6B01C-1153-43C3-800A-5E9B98BE4315}.Final Release|Any CPU.Build.0 = Release
		{7BE6B01C-1153-43C3-800A-5E9B98BE4315}.Final Release|x86.ActiveCfg = Release
		{7BE6B01C-1153-43C3-800A-5E9B98BE4315}.Final Release|x86.Build.0 = Release
		{7BE6B01C-1153-43C3-800A-5E9B98BE4315}.Release|Any CPU.ActiveCfg = Release
		{7BE6B01C-1153-43C3-800A-5E9B98BE4315}.Release|Any CPU.Build.0 = Release
		{7BE6B01C-1153-43C3-800A-5E9B98BE4315}.Release|x86.ActiveCfg = Release
		{7BE6B01C-1153-43C3-800A-5E9B98BE4315}.Release|x86.Build.0 = Release
		{943CEC35-59C3-4B03-A4E6-7E1BA5152090}.Debug|Any CPU.ActiveCfg = Debug|x86
		{943CEC35-59C3-4B03-A4E6-7E1BA5152090}.Debug|x86.ActiveCfg = Debug|x86
		{943CEC35-59C3-4B03-A4E6-7E1BA5152090}.Debug|x86.Build.0 = Debug|x86
		{943CEC35-59C3-4B03-A4E6-7E1BA5152090}.Final Release|Any CPU.ActiveCfg = Release|Any CPU
		{943CEC35-59C3-4B03-A4E6-7E1BA5152090}.Final Release|Any CPU.Build.0 = Release|Any CPU
		{943CEC35-59C3-4B03-A4E6-7E1BA5152090}.Final Release|x86.ActiveCfg = Release|Any CPU
		{943CEC35-59C3-4B03-A4E6-7E1BA5152090}.Release|Any CPU.ActiveCfg = Release|Any CPU
		{943CEC35-59C3-4B03-A4E6-7E1BA5152090}.Release|Any CPU.Build.0 = Release|Any CPU
		{943CEC35-59C3-4B03-A4E6-7E1BA5152090}.Release|x86.ActiveCfg = Release|Any CPU
		{EF37DCC0-B749-45AD-BCB8-D86D0661C300}.Debug|Any CPU.ActiveCfg = Debug|Any CPU
		{EF37DCC0-B749-45AD-BCB8-D86D0661C300}.Debug|Any CPU.Build.0 = Debug|Any CPU
		{EF37DCC0-B749-45AD-BCB8-D86D0661C300}.Debug|x86.ActiveCfg = Debug|x86
		{EF37DCC0-B749-45AD-BCB8-D86D0661C300}.Debug|x86.Build.0 = Debug|x86
		{EF37DCC0-B749-45AD-BCB8-D86D0661C300}.Final Release|Any CPU.ActiveCfg = Release|Any CPU
		{EF37DCC0-B749-45AD-BCB8-D86D0661C300}.Final Release|Any CPU.Build.0 = Release|Any CPU
		{EF37DCC0-B749-45AD-BCB8-D86D0661C300}.Final Release|x86.ActiveCfg = Release|Any CPU
		{EF37DCC0-B749-45AD-BCB8-D86D0661C300}.Release|Any CPU.ActiveCfg = Release|Any CPU
		{EF37DCC0-B749-45AD-BCB8-D86D0661C300}.Release|Any CPU.Build.0 = Release|Any CPU
		{EF37DCC0-B749-45AD-BCB8-D86D0661C300}.Release|x86.ActiveCfg = Release|Any CPU
	EndGlobalSection
	GlobalSection(SolutionProperties) = preSolution
		HideSolutionNode = FALSE
	EndGlobalSection
	GlobalSection(NestedProjects) = preSolution
		{202E6FB3-6707-4A1B-9CC4-16E579999756} = {31831A6F-ECC6-4F79-92FB-F1A1A09B5576}
		{53B51230-2CD7-435B-8677-A3E24D134CD8} = {202E6FB3-6707-4A1B-9CC4-16E579999756}
		{BFAF50DC-4942-46B8-8615-2A0B4CF08AD2} = {202E6FB3-6707-4A1B-9CC4-16E579999756}
		{435E98DC-6780-4EA7-8D04-5B9337A10787} = {202E6FB3-6707-4A1B-9CC4-16E579999756}
		{943CEC35-59C3-4B03-A4E6-7E1BA5152090} = {202E6FB3-6707-4A1B-9CC4-16E579999756}
		{5D45C833-BFAF-4C26-BACB-C420BC05C259} = {7EDD9A5D-CCBB-4B97-B7DD-A7409C9580AA}
		{AF541E56-F772-47AF-A58F-067B2DD6CEC7} = {7EDD9A5D-CCBB-4B97-B7DD-A7409C9580AA}
		{7BE6B01C-1153-43C3-800A-5E9B98BE4315} = {7EDD9A5D-CCBB-4B97-B7DD-A7409C9580AA}
		{EF37DCC0-B749-45AD-BCB8-D86D0661C300} = {7EDD9A5D-CCBB-4B97-B7DD-A7409C9580AA}
		{9BAD8288-7170-467E-B82C-EC64EBCD64B3} = {5D45C833-BFAF-4C26-BACB-C420BC05C259}
		{CE75E853-93A7-4690-9EE3-6AFB684E48C1} = {5D45C833-BFAF-4C26-BACB-C420BC05C259}
		{81CA91DE-585F-4ED7-A086-24F1F2C95A6B} = {AF541E56-F772-47AF-A58F-067B2DD6CEC7}
		{38A0657B-12B6-4BE7-B3B4-1D3B82730FC1} = {AF541E56-F772-47AF-A58F-067B2DD6CEC7}
	EndGlobalSection
EndGlobal
