
Microsoft Visual Studio Solution File, Format Version 9.00
# Visual Studio 2005
Project("{FAE04EC0-301F-11D3-BF4B-00C04F79EFBC}") = "WizardBase", "lib\WizardBase\WizardBase.csproj", "{C742E00B-3933-4834-BC41-19848E1E3AF2}"
EndProject
Project("{2150E333-8FDC-42A3-9474-1A3956D46DE8}") = "Wizard Control", "Wizard Control", "{94E1AAC1-9464-42D4-B0A6-95DF429FE2F8}"
EndProject
Project("{FAE04EC0-301F-11D3-BF4B-00C04F79EFBC}") = "AForge.Neuro", "lib\AForge.NET\Neuro\AForge.Neuro.csproj", "{53B51230-2CD7-435B-8677-A3E24D134CD8}"
EndProject
Project("{2150E333-8FDC-42A3-9474-1A3956D46DE8}") = "AForge.NET", "AForge.NET", "{202E6FB3-6707-4A1B-9CC4-16E579999756}"
EndProject
Project("{FAE04EC0-301F-11D3-BF4B-00C04F79EFBC}") = "AForge.Core", "lib\AForge.NET\Core\AForge.Core.csproj", "{BFAF50DC-4942-46B8-8615-2A0B4CF08AD2}"
EndProject
Project("{2150E333-8FDC-42A3-9474-1A3956D46DE8}") = "lib", "lib", "{31831A6F-ECC6-4F79-92FB-F1A1A09B5576}"
EndProject
Project("{FAE04EC0-301F-11D3-BF4B-00C04F79EFBC}") = "Sinapse", "Sinapse\Sinapse.csproj", "{38A0657B-12B6-4BE7-B3B4-1D3B82730FC1}"
	ProjectSection(ProjectDependencies) = postProject
		{C742E00B-3933-4834-BC41-19848E1E3AF2} = {C742E00B-3933-4834-BC41-19848E1E3AF2}
	EndProjectSection
EndProject
Project("{FAE04EC0-301F-11D3-BF4B-00C04F79EFBC}") = "Sinapse.Extensions.OfficeExcel", "Sinapse.Extensions.MsExcel\Sinapse.Extensions.OfficeExcel.csproj", "{F75FD442-FED2-47CA-AAA1-520EFF0BE7E8}"
	ProjectSection(ProjectDependencies) = postProject
		{53B51230-2CD7-435B-8677-A3E24D134CD8} = {53B51230-2CD7-435B-8677-A3E24D134CD8}
		{38A0657B-12B6-4BE7-B3B4-1D3B82730FC1} = {38A0657B-12B6-4BE7-B3B4-1D3B82730FC1}
		{BFAF50DC-4942-46B8-8615-2A0B4CF08AD2} = {BFAF50DC-4942-46B8-8615-2A0B4CF08AD2}
	EndProjectSection
EndProject
Project("{FAE04EC0-301F-11D3-BF4B-00C04F79EFBC}") = "AForge.Math", "lib\AForge.NET\Math\AForge.Math.csproj", "{435E98DC-6780-4EA7-8D04-5B9337A10787}"
EndProject
Project("{FAE04EC0-301F-11D3-BF4B-00C04F79EFBC}") = "Sinapse.Core", "Sinapse.Core\Sinapse.Core.csproj", "{CE75E853-93A7-4690-9EE3-6AFB684E48C1}"
EndProject
Project("{FAE04EC0-301F-11D3-BF4B-00C04F79EFBC}") = "Sinapse.Forms.Controls", "Sinapse.Forms.Controls\Sinapse.Forms.Controls.csproj", "{81CA91DE-585F-4ED7-A086-24F1F2C95A6B}"
EndProject
Project("{FAE04EC0-301F-11D3-BF4B-00C04F79EFBC}") = "Sinapse.Databases", "Sinapse.Databases\Sinapse.Databases.csproj", "{9BAD8288-7170-467E-B82C-EC64EBCD64B3}"
EndProject
Project("{FAE04EC0-301F-11D3-BF4B-00C04F79EFBC}") = "Sinapse.Extensions.Simplifier", "Sinapse.Extensions.Simplifier\Sinapse.Extensions.Simplifier.csproj", "{8FCC8A47-88A9-4145-BC45-97354AF1402D}"
EndProject
Project("{FAE04EC0-301F-11D3-BF4B-00C04F79EFBC}") = "Sinapse.Extensions.CodeGeneration", "Sinapse.Extensions.CodeGenerator\Sinapse.Extensions.CodeGeneration.csproj", "{D6324FE7-9B07-463B-8D5C-94E9285CECD2}"
EndProject
Project("{FAE04EC0-301F-11D3-BF4B-00C04F79EFBC}") = "Sinapse.Extensions.VisualStudio", "Sinapse.Extensions.VisualStudio\Sinapse.Extensions.VisualStudio.csproj", "{7CDFFD54-1290-4064-AF05-89B62FEC5D56}"
EndProject
Global
	GlobalSection(SolutionConfigurationPlatforms) = preSolution
		Debug|Any CPU = Debug|Any CPU
		Debug|x86 = Debug|x86
		Final Release|Any CPU = Final Release|Any CPU
		Final Release|x86 = Final Release|x86
		Release|Any CPU = Release|Any CPU
		Release|x86 = Release|x86
	EndGlobalSection
	GlobalSection(ProjectConfigurationPlatforms) = postSolution
		{C742E00B-3933-4834-BC41-19848E1E3AF2}.Debug|Any CPU.ActiveCfg = Debug|Any CPU
		{C742E00B-3933-4834-BC41-19848E1E3AF2}.Debug|Any CPU.Build.0 = Debug|Any CPU
		{C742E00B-3933-4834-BC41-19848E1E3AF2}.Debug|x86.ActiveCfg = Debug|Any CPU
		{C742E00B-3933-4834-BC41-19848E1E3AF2}.Final Release|Any CPU.ActiveCfg = Final Release|Any CPU
		{C742E00B-3933-4834-BC41-19848E1E3AF2}.Final Release|Any CPU.Build.0 = Final Release|Any CPU
		{C742E00B-3933-4834-BC41-19848E1E3AF2}.Final Release|x86.ActiveCfg = Final Release|Any CPU
		{C742E00B-3933-4834-BC41-19848E1E3AF2}.Release|Any CPU.ActiveCfg = Release|Any CPU
		{C742E00B-3933-4834-BC41-19848E1E3AF2}.Release|Any CPU.Build.0 = Release|Any CPU
		{C742E00B-3933-4834-BC41-19848E1E3AF2}.Release|x86.ActiveCfg = Release|Any CPU
		{53B51230-2CD7-435B-8677-A3E24D134CD8}.Debug|Any CPU.ActiveCfg = Debug|Any CPU
		{53B51230-2CD7-435B-8677-A3E24D134CD8}.Debug|Any CPU.Build.0 = Debug|Any CPU
		{53B51230-2CD7-435B-8677-A3E24D134CD8}.Debug|x86.ActiveCfg = Debug|Any CPU
		{53B51230-2CD7-435B-8677-A3E24D134CD8}.Final Release|Any CPU.ActiveCfg = Final Release|Any CPU
		{53B51230-2CD7-435B-8677-A3E24D134CD8}.Final Release|Any CPU.Build.0 = Final Release|Any CPU
		{53B51230-2CD7-435B-8677-A3E24D134CD8}.Final Release|x86.ActiveCfg = Final Release|Any CPU
		{53B51230-2CD7-435B-8677-A3E24D134CD8}.Release|Any CPU.ActiveCfg = Release|Any CPU
		{53B51230-2CD7-435B-8677-A3E24D134CD8}.Release|Any CPU.Build.0 = Release|Any CPU
		{53B51230-2CD7-435B-8677-A3E24D134CD8}.Release|x86.ActiveCfg = Release|Any CPU
		{BFAF50DC-4942-46B8-8615-2A0B4CF08AD2}.Debug|Any CPU.ActiveCfg = Debug|Any CPU
		{BFAF50DC-4942-46B8-8615-2A0B4CF08AD2}.Debug|Any CPU.Build.0 = Debug|Any CPU
		{BFAF50DC-4942-46B8-8615-2A0B4CF08AD2}.Debug|x86.ActiveCfg = Debug|Any CPU
		{BFAF50DC-4942-46B8-8615-2A0B4CF08AD2}.Final Release|Any CPU.ActiveCfg = Final Release|Any CPU
		{BFAF50DC-4942-46B8-8615-2A0B4CF08AD2}.Final Release|Any CPU.Build.0 = Final Release|Any CPU
		{BFAF50DC-4942-46B8-8615-2A0B4CF08AD2}.Final Release|x86.ActiveCfg = Final Release|Any CPU
		{BFAF50DC-4942-46B8-8615-2A0B4CF08AD2}.Release|Any CPU.ActiveCfg = Release|Any CPU
		{BFAF50DC-4942-46B8-8615-2A0B4CF08AD2}.Release|Any CPU.Build.0 = Release|Any CPU
		{BFAF50DC-4942-46B8-8615-2A0B4CF08AD2}.Release|x86.ActiveCfg = Release|Any CPU
		{38A0657B-12B6-4BE7-B3B4-1D3B82730FC1}.Debug|Any CPU.ActiveCfg = Debug|Any CPU
		{38A0657B-12B6-4BE7-B3B4-1D3B82730FC1}.Debug|Any CPU.Build.0 = Debug|Any CPU
		{38A0657B-12B6-4BE7-B3B4-1D3B82730FC1}.Debug|x86.ActiveCfg = Debug|Any CPU
		{38A0657B-12B6-4BE7-B3B4-1D3B82730FC1}.Final Release|Any CPU.ActiveCfg = Final Release|Any CPU
		{38A0657B-12B6-4BE7-B3B4-1D3B82730FC1}.Final Release|Any CPU.Build.0 = Final Release|Any CPU
		{38A0657B-12B6-4BE7-B3B4-1D3B82730FC1}.Final Release|x86.ActiveCfg = Final Release|Any CPU
		{38A0657B-12B6-4BE7-B3B4-1D3B82730FC1}.Release|Any CPU.ActiveCfg = Release|Any CPU
		{38A0657B-12B6-4BE7-B3B4-1D3B82730FC1}.Release|Any CPU.Build.0 = Release|Any CPU
		{38A0657B-12B6-4BE7-B3B4-1D3B82730FC1}.Release|x86.ActiveCfg = Release|Any CPU
		{F75FD442-FED2-47CA-AAA1-520EFF0BE7E8}.Debug|Any CPU.ActiveCfg = Debug|Any CPU
		{F75FD442-FED2-47CA-AAA1-520EFF0BE7E8}.Debug|Any CPU.Build.0 = Debug|Any CPU
		{F75FD442-FED2-47CA-AAA1-520EFF0BE7E8}.Debug|x86.ActiveCfg = Debug|Any CPU
		{F75FD442-FED2-47CA-AAA1-520EFF0BE7E8}.Final Release|Any CPU.ActiveCfg = Final Release|Any CPU
		{F75FD442-FED2-47CA-AAA1-520EFF0BE7E8}.Final Release|Any CPU.Build.0 = Final Release|Any CPU
		{F75FD442-FED2-47CA-AAA1-520EFF0BE7E8}.Final Release|x86.ActiveCfg = Final Release|Any CPU
		{F75FD442-FED2-47CA-AAA1-520EFF0BE7E8}.Release|Any CPU.ActiveCfg = Release|Any CPU
		{F75FD442-FED2-47CA-AAA1-520EFF0BE7E8}.Release|Any CPU.Build.0 = Release|Any CPU
		{F75FD442-FED2-47CA-AAA1-520EFF0BE7E8}.Release|x86.ActiveCfg = Release|Any CPU
		{435E98DC-6780-4EA7-8D04-5B9337A10787}.Debug|Any CPU.ActiveCfg = Debug|Any CPU
		{435E98DC-6780-4EA7-8D04-5B9337A10787}.Debug|Any CPU.Build.0 = Debug|Any CPU
		{435E98DC-6780-4EA7-8D04-5B9337A10787}.Debug|x86.ActiveCfg = Debug|Any CPU
		{435E98DC-6780-4EA7-8D04-5B9337A10787}.Final Release|Any CPU.ActiveCfg = Final Release|Any CPU
		{435E98DC-6780-4EA7-8D04-5B9337A10787}.Final Release|Any CPU.Build.0 = Final Release|Any CPU
		{435E98DC-6780-4EA7-8D04-5B9337A10787}.Final Release|x86.ActiveCfg = Final Release|Any CPU
		{435E98DC-6780-4EA7-8D04-5B9337A10787}.Release|Any CPU.ActiveCfg = Release|Any CPU
		{435E98DC-6780-4EA7-8D04-5B9337A10787}.Release|Any CPU.Build.0 = Release|Any CPU
		{435E98DC-6780-4EA7-8D04-5B9337A10787}.Release|x86.ActiveCfg = Release|Any CPU
		{CE75E853-93A7-4690-9EE3-6AFB684E48C1}.Debug|Any CPU.ActiveCfg = Debug|Any CPU
		{CE75E853-93A7-4690-9EE3-6AFB684E48C1}.Debug|Any CPU.Build.0 = Debug|Any CPU
		{CE75E853-93A7-4690-9EE3-6AFB684E48C1}.Debug|x86.ActiveCfg = Debug|Any CPU
		{CE75E853-93A7-4690-9EE3-6AFB684E48C1}.Final Release|Any CPU.ActiveCfg = Release|Any CPU
		{CE75E853-93A7-4690-9EE3-6AFB684E48C1}.Final Release|Any CPU.Build.0 = Release|Any CPU
		{CE75E853-93A7-4690-9EE3-6AFB684E48C1}.Final Release|x86.ActiveCfg = Release|Any CPU
		{CE75E853-93A7-4690-9EE3-6AFB684E48C1}.Release|Any CPU.ActiveCfg = Release|Any CPU
		{CE75E853-93A7-4690-9EE3-6AFB684E48C1}.Release|Any CPU.Build.0 = Release|Any CPU
		{CE75E853-93A7-4690-9EE3-6AFB684E48C1}.Release|x86.ActiveCfg = Release|Any CPU
		{81CA91DE-585F-4ED7-A086-24F1F2C95A6B}.Debug|Any CPU.ActiveCfg = Debug|Any CPU
		{81CA91DE-585F-4ED7-A086-24F1F2C95A6B}.Debug|Any CPU.Build.0 = Debug|Any CPU
		{81CA91DE-585F-4ED7-A086-24F1F2C95A6B}.Debug|x86.ActiveCfg = Debug|Any CPU
		{81CA91DE-585F-4ED7-A086-24F1F2C95A6B}.Final Release|Any CPU.ActiveCfg = Release|Any CPU
		{81CA91DE-585F-4ED7-A086-24F1F2C95A6B}.Final Release|Any CPU.Build.0 = Release|Any CPU
		{81CA91DE-585F-4ED7-A086-24F1F2C95A6B}.Final Release|x86.ActiveCfg = Release|Any CPU
		{81CA91DE-585F-4ED7-A086-24F1F2C95A6B}.Release|Any CPU.ActiveCfg = Release|Any CPU
		{81CA91DE-585F-4ED7-A086-24F1F2C95A6B}.Release|Any CPU.Build.0 = Release|Any CPU
		{81CA91DE-585F-4ED7-A086-24F1F2C95A6B}.Release|x86.ActiveCfg = Release|Any CPU
		{9BAD8288-7170-467E-B82C-EC64EBCD64B3}.Debug|Any CPU.ActiveCfg = Debug|Any CPU
		{9BAD8288-7170-467E-B82C-EC64EBCD64B3}.Debug|Any CPU.Build.0 = Debug|Any CPU
		{9BAD8288-7170-467E-B82C-EC64EBCD64B3}.Debug|x86.ActiveCfg = Debug|Any CPU
		{9BAD8288-7170-467E-B82C-EC64EBCD64B3}.Final Release|Any CPU.ActiveCfg = Release|Any CPU
		{9BAD8288-7170-467E-B82C-EC64EBCD64B3}.Final Release|Any CPU.Build.0 = Release|Any CPU
		{9BAD8288-7170-467E-B82C-EC64EBCD64B3}.Final Release|x86.ActiveCfg = Release|Any CPU
		{9BAD8288-7170-467E-B82C-EC64EBCD64B3}.Release|Any CPU.ActiveCfg = Release|Any CPU
		{9BAD8288-7170-467E-B82C-EC64EBCD64B3}.Release|Any CPU.Build.0 = Release|Any CPU
		{9BAD8288-7170-467E-B82C-EC64EBCD64B3}.Release|x86.ActiveCfg = Release|Any CPU
		{8FCC8A47-88A9-4145-BC45-97354AF1402D}.Debug|Any CPU.ActiveCfg = Debug|Any CPU
		{8FCC8A47-88A9-4145-BC45-97354AF1402D}.Debug|Any CPU.Build.0 = Debug|Any CPU
		{8FCC8A47-88A9-4145-BC45-97354AF1402D}.Debug|x86.ActiveCfg = Debug|Any CPU
		{8FCC8A47-88A9-4145-BC45-97354AF1402D}.Final Release|Any CPU.ActiveCfg = Release|Any CPU
		{8FCC8A47-88A9-4145-BC45-97354AF1402D}.Final Release|Any CPU.Build.0 = Release|Any CPU
		{8FCC8A47-88A9-4145-BC45-97354AF1402D}.Final Release|x86.ActiveCfg = Release|Any CPU
		{8FCC8A47-88A9-4145-BC45-97354AF1402D}.Release|Any CPU.ActiveCfg = Release|Any CPU
		{8FCC8A47-88A9-4145-BC45-97354AF1402D}.Release|Any CPU.Build.0 = Release|Any CPU
		{8FCC8A47-88A9-4145-BC45-97354AF1402D}.Release|x86.ActiveCfg = Release|Any CPU
		{D6324FE7-9B07-463B-8D5C-94E9285CECD2}.Debug|Any CPU.ActiveCfg = Debug|Any CPU
		{D6324FE7-9B07-463B-8D5C-94E9285CECD2}.Debug|Any CPU.Build.0 = Debug|Any CPU
		{D6324FE7-9B07-463B-8D5C-94E9285CECD2}.Debug|x86.ActiveCfg = Debug|Any CPU
		{D6324FE7-9B07-463B-8D5C-94E9285CECD2}.Final Release|Any CPU.ActiveCfg = Release|Any CPU
		{D6324FE7-9B07-463B-8D5C-94E9285CECD2}.Final Release|Any CPU.Build.0 = Release|Any CPU
		{D6324FE7-9B07-463B-8D5C-94E9285CECD2}.Final Release|x86.ActiveCfg = Release|Any CPU
		{D6324FE7-9B07-463B-8D5C-94E9285CECD2}.Release|Any CPU.ActiveCfg = Release|Any CPU
		{D6324FE7-9B07-463B-8D5C-94E9285CECD2}.Release|Any CPU.Build.0 = Release|Any CPU
		{D6324FE7-9B07-463B-8D5C-94E9285CECD2}.Release|x86.ActiveCfg = Release|Any CPU
		{7CDFFD54-1290-4064-AF05-89B62FEC5D56}.Debug|Any CPU.ActiveCfg = Debug|Any CPU
		{7CDFFD54-1290-4064-AF05-89B62FEC5D56}.Debug|Any CPU.Build.0 = Debug|Any CPU
		{7CDFFD54-1290-4064-AF05-89B62FEC5D56}.Debug|x86.ActiveCfg = Debug|Any CPU
		{7CDFFD54-1290-4064-AF05-89B62FEC5D56}.Final Release|Any CPU.ActiveCfg = Release|Any CPU
		{7CDFFD54-1290-4064-AF05-89B62FEC5D56}.Final Release|Any CPU.Build.0 = Release|Any CPU
		{7CDFFD54-1290-4064-AF05-89B62FEC5D56}.Final Release|x86.ActiveCfg = Release|Any CPU
		{7CDFFD54-1290-4064-AF05-89B62FEC5D56}.Release|Any CPU.ActiveCfg = Release|Any CPU
		{7CDFFD54-1290-4064-AF05-89B62FEC5D56}.Release|Any CPU.Build.0 = Release|Any CPU
		{7CDFFD54-1290-4064-AF05-89B62FEC5D56}.Release|x86.ActiveCfg = Release|Any CPU
	EndGlobalSection
	GlobalSection(SolutionProperties) = preSolution
		HideSolutionNode = FALSE
	EndGlobalSection
	GlobalSection(NestedProjects) = preSolution
		{94E1AAC1-9464-42D4-B0A6-95DF429FE2F8} = {31831A6F-ECC6-4F79-92FB-F1A1A09B5576}
		{202E6FB3-6707-4A1B-9CC4-16E579999756} = {31831A6F-ECC6-4F79-92FB-F1A1A09B5576}
		{C742E00B-3933-4834-BC41-19848E1E3AF2} = {94E1AAC1-9464-42D4-B0A6-95DF429FE2F8}
		{53B51230-2CD7-435B-8677-A3E24D134CD8} = {202E6FB3-6707-4A1B-9CC4-16E579999756}
		{BFAF50DC-4942-46B8-8615-2A0B4CF08AD2} = {202E6FB3-6707-4A1B-9CC4-16E579999756}
		{435E98DC-6780-4EA7-8D04-5B9337A10787} = {202E6FB3-6707-4A1B-9CC4-16E579999756}
	EndGlobalSection
EndGlobal
